
Microsoft Visual Studio Solution File, Format Version 12.00
# Visual Studio Version 16
VisualStudioVersion = 16.0.30611.23
MinimumVisualStudioVersion = 10.0.40219.1
Project("{FAE04EC0-301F-11D3-BF4B-00C04F79EFBC}") = "Utils", "Utils\Utils.csproj", "{89DA0B95-5DD5-4C78-8C49-5AA016C000B0}"
EndProject
Global
	GlobalSection(SolutionConfigurationPlatforms) = preSolution
		Debug|Any CPU = Debug|Any CPU
		Release|Any CPU = Release|Any CPU
	EndGlobalSection
	GlobalSection(ProjectConfigurationPlatforms) = postSolution
		{89DA0B95-5DD5-4C78-8C49-5AA016C000B0}.Debug|Any CPU.ActiveCfg = Debug|Any CPU
		{89DA0B95-5DD5-4C78-8C49-5AA016C000B0}.Debug|Any CPU.Build.0 = Debug|Any CPU
		{89DA0B95-5DD5-4C78-8C49-5AA016C000B0}.Release|Any CPU.ActiveCfg = Release|Any CPU
		{89DA0B95-5DD5-4C78-8C49-5AA016C000B0}.Release|Any CPU.Build.0 = Release|Any CPU
	EndGlobalSection
	GlobalSection(SolutionProperties) = preSolution
		HideSolutionNode = FALSE
	EndGlobalSection
	GlobalSection(ExtensibilityGlobals) = postSolution
		SolutionGuid = {4AC0B78E-8CBD-48FE-A60A-433FD4D06F73}
	EndGlobalSection
EndGlobal
