
Microsoft Visual Studio Solution File, Format Version 12.00
# Visual Studio Version 16
VisualStudioVersion = 16.0.30611.23
MinimumVisualStudioVersion = 10.0.40219.1
Project("{FAE04EC0-301F-11D3-BF4B-00C04F79EFBC}") = "Utils2", "Utils2\Utils2.csproj", "{9A17F98E-18AE-4A16-9A01-E9FDC5FC14CE}"
EndProject
Global
	GlobalSection(SolutionConfigurationPlatforms) = preSolution
		Debug|Any CPU = Debug|Any CPU
		Release|Any CPU = Release|Any CPU
	EndGlobalSection
	GlobalSection(ProjectConfigurationPlatforms) = postSolution
		{9A17F98E-18AE-4A16-9A01-E9FDC5FC14CE}.Debug|Any CPU.ActiveCfg = Debug|Any CPU
		{9A17F98E-18AE-4A16-9A01-E9FDC5FC14CE}.Debug|Any CPU.Build.0 = Debug|Any CPU
		{9A17F98E-18AE-4A16-9A01-E9FDC5FC14CE}.Release|Any CPU.ActiveCfg = Release|Any CPU
		{9A17F98E-18AE-4A16-9A01-E9FDC5FC14CE}.Release|Any CPU.Build.0 = Release|Any CPU
	EndGlobalSection
	GlobalSection(SolutionProperties) = preSolution
		HideSolutionNode = FALSE
	EndGlobalSection
	GlobalSection(ExtensibilityGlobals) = postSolution
		SolutionGuid = {434D8750-BB53-434F-B5A5-D9210BBE7CBB}
	EndGlobalSection
EndGlobal
